
Microsoft Visual Studio Solution File, Format Version 12.00
# Visual Studio Version 17
VisualStudioVersion = 17.5.33516.290
MinimumVisualStudioVersion = 10.0.40219.1
Project("{FAE04EC0-301F-11D3-BF4B-00C04F79EFBC}") = "Tenniscourtreservation", "..\Tenniscourtreservation\Tenniscourtreservation.csproj", "{5C6506CE-75A0-4FEF-B037-DE1088FF7AF1}"
EndProject
Global
	GlobalSection(SolutionConfigurationPlatforms) = preSolution
		Debug|Any CPU = Debug|Any CPU
		Release|Any CPU = Release|Any CPU
	EndGlobalSection
	GlobalSection(ProjectConfigurationPlatforms) = postSolution
		{5C6506CE-75A0-4FEF-B037-DE1088FF7AF1}.Debug|Any CPU.ActiveCfg = Debug|Any CPU
		{5C6506CE-75A0-4FEF-B037-DE1088FF7AF1}.Debug|Any CPU.Build.0 = Debug|Any CPU
		{5C6506CE-75A0-4FEF-B037-DE1088FF7AF1}.Release|Any CPU.ActiveCfg = Release|Any CPU
		{5C6506CE-75A0-4FEF-B037-DE1088FF7AF1}.Release|Any CPU.Build.0 = Release|Any CPU
	EndGlobalSection
	GlobalSection(SolutionProperties) = preSolution
		HideSolutionNode = FALSE
	EndGlobalSection
	GlobalSection(ExtensibilityGlobals) = postSolution
		SolutionGuid = {19057E6F-B9C1-4532-A14E-8B70D6E8501B}
	EndGlobalSection
EndGlobal
